// !$*UTF8*$!
{
	archiveVersion = 1;
	classes = {
	};
	objectVersion = 46;
	objects = {

/* Begin PBXBuildFile section */
		E741CFFA1BB6C06F00DC299A /* main.m in Sources */ = {isa = PBXBuildFile; fileRef = E741CFF91BB6C06F00DC299A /* main.m */; };
		E741CFFD1BB6C06F00DC299A /* AppDelegate.m in Sources */ = {isa = PBXBuildFile; fileRef = E741CFFC1BB6C06F00DC299A /* AppDelegate.m */; };
		E741D0031BB6C06F00DC299A /* Main.storyboard in Resources */ = {isa = PBXBuildFile; fileRef = E741D0011BB6C06F00DC299A /* Main.storyboard */; };
		E741D0051BB6C06F00DC299A /* Assets.xcassets in Resources */ = {isa = PBXBuildFile; fileRef = E741D0041BB6C06F00DC299A /* Assets.xcassets */; };
		E741D0081BB6C06F00DC299A /* LaunchScreen.storyboard in Resources */ = {isa = PBXBuildFile; fileRef = E741D0061BB6C06F00DC299A /* LaunchScreen.storyboard */; };
		E741D0131BB6C06F00DC299A /* fyberChallengeTests.m in Sources */ = {isa = PBXBuildFile; fileRef = E741D0121BB6C06F00DC299A /* fyberChallengeTests.m */; };
		E741D01E1BB6C06F00DC299A /* fyberChallengeUITests.m in Sources */ = {isa = PBXBuildFile; fileRef = E741D01D1BB6C06F00DC299A /* fyberChallengeUITests.m */; };
		E741D02C1BB6C1B200DC299A /* Config.plist in Resources */ = {isa = PBXBuildFile; fileRef = E741D02B1BB6C1B200DC299A /* Config.plist */; settings = {ASSET_TAGS = (); }; };
		E741D02F1BB6C2E000DC299A /* ConfigManager.m in Sources */ = {isa = PBXBuildFile; fileRef = E741D02E1BB6C2E000DC299A /* ConfigManager.m */; settings = {ASSET_TAGS = (); }; };
		E741D0331BB6C69600DC299A /* NetworkHelper.m in Sources */ = {isa = PBXBuildFile; fileRef = E741D0321BB6C69600DC299A /* NetworkHelper.m */; settings = {ASSET_TAGS = (); }; };
		E741D03C1BB6CF5900DC299A /* ViewController.m in Sources */ = {isa = PBXBuildFile; fileRef = E741D03B1BB6CF5900DC299A /* ViewController.m */; settings = {ASSET_TAGS = (); }; };
		E741D0401BB7038800DC299A /* User.m in Sources */ = {isa = PBXBuildFile; fileRef = E741D03F1BB7038800DC299A /* User.m */; settings = {ASSET_TAGS = (); }; };
		E741D0461BB7086600DC299A /* Offer.m in Sources */ = {isa = PBXBuildFile; fileRef = E741D0451BB7086600DC299A /* Offer.m */; settings = {ASSET_TAGS = (); }; };
		E741D0491BB7186600DC299A /* NetRequestGetOffers.m in Sources */ = {isa = PBXBuildFile; fileRef = E741D0481BB7186600DC299A /* NetRequestGetOffers.m */; settings = {ASSET_TAGS = (); }; };
		E741D04D1BB7224B00DC299A /* CommonUtils.m in Sources */ = {isa = PBXBuildFile; fileRef = E741D04C1BB7224B00DC299A /* CommonUtils.m */; settings = {ASSET_TAGS = (); }; };
		E741D0551BB755EA00DC299A /* NetResponseGetOffers.m in Sources */ = {isa = PBXBuildFile; fileRef = E741D0541BB755EA00DC299A /* NetResponseGetOffers.m */; settings = {ASSET_TAGS = (); }; };
		E741D0581BB812BE00DC299A /* OfferType.m in Sources */ = {isa = PBXBuildFile; fileRef = E741D0571BB812BE00DC299A /* OfferType.m */; settings = {ASSET_TAGS = (); }; };
		E741D05B1BB812FB00DC299A /* OfferThumbnail.m in Sources */ = {isa = PBXBuildFile; fileRef = E741D05A1BB812FB00DC299A /* OfferThumbnail.m */; settings = {ASSET_TAGS = (); }; };
		E741D05E1BB8130D00DC299A /* OfferPayout.m in Sources */ = {isa = PBXBuildFile; fileRef = E741D05D1BB8130D00DC299A /* OfferPayout.m */; settings = {ASSET_TAGS = (); }; };
/* End PBXBuildFile section */

/* Begin PBXContainerItemProxy section */
		E741D00F1BB6C06F00DC299A /* PBXContainerItemProxy */ = {
			isa = PBXContainerItemProxy;
			containerPortal = E741CFED1BB6C06F00DC299A /* Project object */;
			proxyType = 1;
			remoteGlobalIDString = E741CFF41BB6C06F00DC299A;
			remoteInfo = fyberChallenge;
		};
		E741D01A1BB6C06F00DC299A /* PBXContainerItemProxy */ = {
			isa = PBXContainerItemProxy;
			containerPortal = E741CFED1BB6C06F00DC299A /* Project object */;
			proxyType = 1;
			remoteGlobalIDString = E741CFF41BB6C06F00DC299A;
			remoteInfo = fyberChallenge;
		};
/* End PBXContainerItemProxy section */

/* Begin PBXFileReference section */
		E741CFF51BB6C06F00DC299A /* fyberChallenge.app */ = {isa = PBXFileReference; explicitFileType = wrapper.application; includeInIndex = 0; path = fyberChallenge.app; sourceTree = BUILT_PRODUCTS_DIR; };
		E741CFF91BB6C06F00DC299A /* main.m */ = {isa = PBXFileReference; lastKnownFileType = sourcecode.c.objc; path = main.m; sourceTree = "<group>"; };
		E741CFFB1BB6C06F00DC299A /* AppDelegate.h */ = {isa = PBXFileReference; lastKnownFileType = sourcecode.c.h; path = AppDelegate.h; sourceTree = "<group>"; };
		E741CFFC1BB6C06F00DC299A /* AppDelegate.m */ = {isa = PBXFileReference; lastKnownFileType = sourcecode.c.objc; path = AppDelegate.m; sourceTree = "<group>"; };
		E741D0021BB6C06F00DC299A /* Base */ = {isa = PBXFileReference; lastKnownFileType = file.storyboard; name = Base; path = Base.lproj/Main.storyboard; sourceTree = "<group>"; };
		E741D0041BB6C06F00DC299A /* Assets.xcassets */ = {isa = PBXFileReference; lastKnownFileType = folder.assetcatalog; path = Assets.xcassets; sourceTree = "<group>"; };
		E741D0071BB6C06F00DC299A /* Base */ = {isa = PBXFileReference; lastKnownFileType = file.storyboard; name = Base; path = Base.lproj/LaunchScreen.storyboard; sourceTree = "<group>"; };
		E741D0091BB6C06F00DC299A /* Info.plist */ = {isa = PBXFileReference; lastKnownFileType = text.plist.xml; path = Info.plist; sourceTree = "<group>"; };
		E741D00E1BB6C06F00DC299A /* fyberChallengeTests.xctest */ = {isa = PBXFileReference; explicitFileType = wrapper.cfbundle; includeInIndex = 0; path = fyberChallengeTests.xctest; sourceTree = BUILT_PRODUCTS_DIR; };
		E741D0121BB6C06F00DC299A /* fyberChallengeTests.m */ = {isa = PBXFileReference; lastKnownFileType = sourcecode.c.objc; path = fyberChallengeTests.m; sourceTree = "<group>"; };
		E741D0141BB6C06F00DC299A /* Info.plist */ = {isa = PBXFileReference; lastKnownFileType = text.plist.xml; path = Info.plist; sourceTree = "<group>"; };
		E741D0191BB6C06F00DC299A /* fyberChallengeUITests.xctest */ = {isa = PBXFileReference; explicitFileType = wrapper.cfbundle; includeInIndex = 0; path = fyberChallengeUITests.xctest; sourceTree = BUILT_PRODUCTS_DIR; };
		E741D01D1BB6C06F00DC299A /* fyberChallengeUITests.m */ = {isa = PBXFileReference; lastKnownFileType = sourcecode.c.objc; path = fyberChallengeUITests.m; sourceTree = "<group>"; };
		E741D01F1BB6C06F00DC299A /* Info.plist */ = {isa = PBXFileReference; lastKnownFileType = text.plist.xml; path = Info.plist; sourceTree = "<group>"; };
		E741D02B1BB6C1B200DC299A /* Config.plist */ = {isa = PBXFileReference; fileEncoding = 4; lastKnownFileType = text.plist.xml; path = Config.plist; sourceTree = "<group>"; };
		E741D02D1BB6C2E000DC299A /* ConfigManager.h */ = {isa = PBXFileReference; fileEncoding = 4; lastKnownFileType = sourcecode.c.h; name = ConfigManager.h; path = Config/ConfigManager.h; sourceTree = "<group>"; };
		E741D02E1BB6C2E000DC299A /* ConfigManager.m */ = {isa = PBXFileReference; fileEncoding = 4; lastKnownFileType = sourcecode.c.objc; name = ConfigManager.m; path = Config/ConfigManager.m; sourceTree = "<group>"; };
		E741D0311BB6C69600DC299A /* NetworkHelper.h */ = {isa = PBXFileReference; fileEncoding = 4; lastKnownFileType = sourcecode.c.h; name = NetworkHelper.h; path = API/Helper/NetworkHelper.h; sourceTree = "<group>"; };
		E741D0321BB6C69600DC299A /* NetworkHelper.m */ = {isa = PBXFileReference; fileEncoding = 4; lastKnownFileType = sourcecode.c.objc; name = NetworkHelper.m; path = API/Helper/NetworkHelper.m; sourceTree = "<group>"; };
		E741D03A1BB6CF5900DC299A /* ViewController.h */ = {isa = PBXFileReference; fileEncoding = 4; lastKnownFileType = sourcecode.c.h; name = ViewController.h; path = Controller/ViewController.h; sourceTree = "<group>"; };
		E741D03B1BB6CF5900DC299A /* ViewController.m */ = {isa = PBXFileReference; fileEncoding = 4; lastKnownFileType = sourcecode.c.objc; name = ViewController.m; path = Controller/ViewController.m; sourceTree = "<group>"; };
		E741D03E1BB7038800DC299A /* User.h */ = {isa = PBXFileReference; fileEncoding = 4; lastKnownFileType = sourcecode.c.h; name = User.h; path = Model/User.h; sourceTree = "<group>"; };
		E741D03F1BB7038800DC299A /* User.m */ = {isa = PBXFileReference; fileEncoding = 4; lastKnownFileType = sourcecode.c.objc; name = User.m; path = Model/User.m; sourceTree = "<group>"; };
		E741D0421BB7063800DC299A /* Blocks.h */ = {isa = PBXFileReference; lastKnownFileType = sourcecode.c.h; name = Blocks.h; path = API/Definitions/Blocks.h; sourceTree = "<group>"; };
		E741D0431BB7064E00DC299A /* Constants.h */ = {isa = PBXFileReference; lastKnownFileType = sourcecode.c.h; name = Constants.h; path = API/Definitions/Constants.h; sourceTree = "<group>"; };
		E741D0441BB7086600DC299A /* Offer.h */ = {isa = PBXFileReference; fileEncoding = 4; lastKnownFileType = sourcecode.c.h; name = Offer.h; path = Model/Offer.h; sourceTree = "<group>"; };
		E741D0451BB7086600DC299A /* Offer.m */ = {isa = PBXFileReference; fileEncoding = 4; lastKnownFileType = sourcecode.c.objc; name = Offer.m; path = Model/Offer.m; sourceTree = "<group>"; };
		E741D0471BB7186600DC299A /* NetRequestGetOffers.h */ = {isa = PBXFileReference; fileEncoding = 4; lastKnownFileType = sourcecode.c.h; name = NetRequestGetOffers.h; path = Model/Net/NetRequestGetOffers.h; sourceTree = "<group>"; };
		E741D0481BB7186600DC299A /* NetRequestGetOffers.m */ = {isa = PBXFileReference; fileEncoding = 4; lastKnownFileType = sourcecode.c.objc; name = NetRequestGetOffers.m; path = Model/Net/NetRequestGetOffers.m; sourceTree = "<group>"; };
		E741D04B1BB7224B00DC299A /* CommonUtils.h */ = {isa = PBXFileReference; fileEncoding = 4; lastKnownFileType = sourcecode.c.h; name = CommonUtils.h; path = Utils/CommonUtils.h; sourceTree = "<group>"; };
		E741D04C1BB7224B00DC299A /* CommonUtils.m */ = {isa = PBXFileReference; fileEncoding = 4; lastKnownFileType = sourcecode.c.objc; name = CommonUtils.m; path = Utils/CommonUtils.m; sourceTree = "<group>"; };
		E741D0531BB755EA00DC299A /* NetResponseGetOffers.h */ = {isa = PBXFileReference; fileEncoding = 4; lastKnownFileType = sourcecode.c.h; name = NetResponseGetOffers.h; path = Model/Net/NetResponseGetOffers.h; sourceTree = "<group>"; };
		E741D0541BB755EA00DC299A /* NetResponseGetOffers.m */ = {isa = PBXFileReference; fileEncoding = 4; lastKnownFileType = sourcecode.c.objc; name = NetResponseGetOffers.m; path = Model/Net/NetResponseGetOffers.m; sourceTree = "<group>"; };
		E741D0561BB812BE00DC299A /* OfferType.h */ = {isa = PBXFileReference; fileEncoding = 4; lastKnownFileType = sourcecode.c.h; name = OfferType.h; path = Model/OfferType.h; sourceTree = "<group>"; };
		E741D0571BB812BE00DC299A /* OfferType.m */ = {isa = PBXFileReference; fileEncoding = 4; lastKnownFileType = sourcecode.c.objc; name = OfferType.m; path = Model/OfferType.m; sourceTree = "<group>"; };
		E741D0591BB812FB00DC299A /* OfferThumbnail.h */ = {isa = PBXFileReference; fileEncoding = 4; lastKnownFileType = sourcecode.c.h; name = OfferThumbnail.h; path = Model/OfferThumbnail.h; sourceTree = "<group>"; };
		E741D05A1BB812FB00DC299A /* OfferThumbnail.m */ = {isa = PBXFileReference; fileEncoding = 4; lastKnownFileType = sourcecode.c.objc; name = OfferThumbnail.m; path = Model/OfferThumbnail.m; sourceTree = "<group>"; };
		E741D05C1BB8130D00DC299A /* OfferPayout.h */ = {isa = PBXFileReference; fileEncoding = 4; lastKnownFileType = sourcecode.c.h; name = OfferPayout.h; path = Model/OfferPayout.h; sourceTree = "<group>"; };
		E741D05D1BB8130D00DC299A /* OfferPayout.m */ = {isa = PBXFileReference; fileEncoding = 4; lastKnownFileType = sourcecode.c.objc; name = OfferPayout.m; path = Model/OfferPayout.m; sourceTree = "<group>"; };
/* End PBXFileReference section */

/* Begin PBXFrameworksBuildPhase section */
		E741CFF21BB6C06F00DC299A /* Frameworks */ = {
			isa = PBXFrameworksBuildPhase;
			buildActionMask = 2147483647;
			files = (
			);
			runOnlyForDeploymentPostprocessing = 0;
		};
		E741D00B1BB6C06F00DC299A /* Frameworks */ = {
			isa = PBXFrameworksBuildPhase;
			buildActionMask = 2147483647;
			files = (
			);
			runOnlyForDeploymentPostprocessing = 0;
		};
		E741D0161BB6C06F00DC299A /* Frameworks */ = {
			isa = PBXFrameworksBuildPhase;
			buildActionMask = 2147483647;
			files = (
			);
			runOnlyForDeploymentPostprocessing = 0;
		};
/* End PBXFrameworksBuildPhase section */

/* Begin PBXGroup section */
		E741CFEC1BB6C06F00DC299A = {
			isa = PBXGroup;
			children = (
				E741CFF71BB6C06F00DC299A /* fyberChallenge */,
				E741D0111BB6C06F00DC299A /* fyberChallengeTests */,
				E741D01C1BB6C06F00DC299A /* fyberChallengeUITests */,
				E741CFF61BB6C06F00DC299A /* Products */,
			);
			sourceTree = "<group>";
		};
		E741CFF61BB6C06F00DC299A /* Products */ = {
			isa = PBXGroup;
			children = (
				E741CFF51BB6C06F00DC299A /* fyberChallenge.app */,
				E741D00E1BB6C06F00DC299A /* fyberChallengeTests.xctest */,
				E741D0191BB6C06F00DC299A /* fyberChallengeUITests.xctest */,
			);
			name = Products;
			sourceTree = "<group>";
		};
		E741CFF71BB6C06F00DC299A /* fyberChallenge */ = {
			isa = PBXGroup;
			children = (
				E741CFFB1BB6C06F00DC299A /* AppDelegate.h */,
				E741CFFC1BB6C06F00DC299A /* AppDelegate.m */,
				E741D0341BB6C69A00DC299A /* API */,
				E741D0301BB6C2E400DC299A /* Config */,
				E741D03D1BB6CF5E00DC299A /* Controller */,
				E741D0411BB703A300DC299A /* Model */,
				E741D04E1BB7225800DC299A /* Utils */,
				E741D0011BB6C06F00DC299A /* Main.storyboard */,
				E741D0041BB6C06F00DC299A /* Assets.xcassets */,
				E741D0061BB6C06F00DC299A /* LaunchScreen.storyboard */,
				E741D0091BB6C06F00DC299A /* Info.plist */,
				E741D02B1BB6C1B200DC299A /* Config.plist */,
				E741CFF81BB6C06F00DC299A /* Supporting Files */,
			);
			path = fyberChallenge;
			sourceTree = "<group>";
		};
		E741CFF81BB6C06F00DC299A /* Supporting Files */ = {
			isa = PBXGroup;
			children = (
				E741CFF91BB6C06F00DC299A /* main.m */,
			);
			name = "Supporting Files";
			sourceTree = "<group>";
		};
		E741D0111BB6C06F00DC299A /* fyberChallengeTests */ = {
			isa = PBXGroup;
			children = (
				E741D0121BB6C06F00DC299A /* fyberChallengeTests.m */,
				E741D0141BB6C06F00DC299A /* Info.plist */,
			);
			path = fyberChallengeTests;
			sourceTree = "<group>";
		};
		E741D01C1BB6C06F00DC299A /* fyberChallengeUITests */ = {
			isa = PBXGroup;
			children = (
				E741D01D1BB6C06F00DC299A /* fyberChallengeUITests.m */,
				E741D01F1BB6C06F00DC299A /* Info.plist */,
			);
			path = fyberChallengeUITests;
			sourceTree = "<group>";
		};
		E741D0301BB6C2E400DC299A /* Config */ = {
			isa = PBXGroup;
			children = (
				E741D02D1BB6C2E000DC299A /* ConfigManager.h */,
				E741D02E1BB6C2E000DC299A /* ConfigManager.m */,
			);
			name = Config;
			sourceTree = "<group>";
		};
		E741D0341BB6C69A00DC299A /* API */ = {
			isa = PBXGroup;
			children = (
				E741D0391BB6C7AE00DC299A /* Definitions */,
				E741D0351BB6C6A600DC299A /* Helper */,
			);
			name = API;
			sourceTree = "<group>";
		};
		E741D0351BB6C6A600DC299A /* Helper */ = {
			isa = PBXGroup;
			children = (
				E741D0311BB6C69600DC299A /* NetworkHelper.h */,
				E741D0321BB6C69600DC299A /* NetworkHelper.m */,
			);
			name = Helper;
			sourceTree = "<group>";
		};
		E741D0391BB6C7AE00DC299A /* Definitions */ = {
			isa = PBXGroup;
			children = (
				E741D0421BB7063800DC299A /* Blocks.h */,
				E741D0431BB7064E00DC299A /* Constants.h */,
			);
			name = Definitions;
			sourceTree = "<group>";
		};
		E741D03D1BB6CF5E00DC299A /* Controller */ = {
			isa = PBXGroup;
			children = (
				E741D03A1BB6CF5900DC299A /* ViewController.h */,
				E741D03B1BB6CF5900DC299A /* ViewController.m */,
			);
			name = Controller;
			sourceTree = "<group>";
		};
		E741D0411BB703A300DC299A /* Model */ = {
			isa = PBXGroup;
			children = (
				E741D03E1BB7038800DC299A /* User.h */,
				E741D03F1BB7038800DC299A /* User.m */,
				E741D0441BB7086600DC299A /* Offer.h */,
				E741D0451BB7086600DC299A /* Offer.m */,
				E741D0561BB812BE00DC299A /* OfferType.h */,
				E741D0571BB812BE00DC299A /* OfferType.m */,
				E741D0591BB812FB00DC299A /* OfferThumbnail.h */,
				E741D05A1BB812FB00DC299A /* OfferThumbnail.m */,
				E741D05C1BB8130D00DC299A /* OfferPayout.h */,
				E741D05D1BB8130D00DC299A /* OfferPayout.m */,
				E741D04A1BB7187000DC299A /* Net */,
			);
			name = Model;
			sourceTree = "<group>";
		};
		E741D04A1BB7187000DC299A /* Net */ = {
			isa = PBXGroup;
			children = (
				E741D0471BB7186600DC299A /* NetRequestGetOffers.h */,
				E741D0481BB7186600DC299A /* NetRequestGetOffers.m */,
				E741D0531BB755EA00DC299A /* NetResponseGetOffers.h */,
				E741D0541BB755EA00DC299A /* NetResponseGetOffers.m */,
			);
			name = Net;
			sourceTree = "<group>";
		};
		E741D04E1BB7225800DC299A /* Utils */ = {
			isa = PBXGroup;
			children = (
				E741D04B1BB7224B00DC299A /* CommonUtils.h */,
				E741D04C1BB7224B00DC299A /* CommonUtils.m */,
			);
			name = Utils;
			sourceTree = "<group>";
		};
/* End PBXGroup section */

/* Begin PBXNativeTarget section */
		E741CFF41BB6C06F00DC299A /* fyberChallenge */ = {
			isa = PBXNativeTarget;
			buildConfigurationList = E741D0221BB6C06F00DC299A /* Build configuration list for PBXNativeTarget "fyberChallenge" */;
			buildPhases = (
				E741CFF11BB6C06F00DC299A /* Sources */,
				E741CFF21BB6C06F00DC299A /* Frameworks */,
				E741CFF31BB6C06F00DC299A /* Resources */,
			);
			buildRules = (
			);
			dependencies = (
			);
			name = fyberChallenge;
			productName = fyberChallenge;
			productReference = E741CFF51BB6C06F00DC299A /* fyberChallenge.app */;
			productType = "com.apple.product-type.application";
		};
		E741D00D1BB6C06F00DC299A /* fyberChallengeTests */ = {
			isa = PBXNativeTarget;
			buildConfigurationList = E741D0251BB6C06F00DC299A /* Build configuration list for PBXNativeTarget "fyberChallengeTests" */;
			buildPhases = (
				E741D00A1BB6C06F00DC299A /* Sources */,
				E741D00B1BB6C06F00DC299A /* Frameworks */,
				E741D00C1BB6C06F00DC299A /* Resources */,
			);
			buildRules = (
			);
			dependencies = (
				E741D0101BB6C06F00DC299A /* PBXTargetDependency */,
			);
			name = fyberChallengeTests;
			productName = fyberChallengeTests;
			productReference = E741D00E1BB6C06F00DC299A /* fyberChallengeTests.xctest */;
			productType = "com.apple.product-type.bundle.unit-test";
		};
		E741D0181BB6C06F00DC299A /* fyberChallengeUITests */ = {
			isa = PBXNativeTarget;
			buildConfigurationList = E741D0281BB6C06F00DC299A /* Build configuration list for PBXNativeTarget "fyberChallengeUITests" */;
			buildPhases = (
				E741D0151BB6C06F00DC299A /* Sources */,
				E741D0161BB6C06F00DC299A /* Frameworks */,
				E741D0171BB6C06F00DC299A /* Resources */,
			);
			buildRules = (
			);
			dependencies = (
				E741D01B1BB6C06F00DC299A /* PBXTargetDependency */,
			);
			name = fyberChallengeUITests;
			productName = fyberChallengeUITests;
			productReference = E741D0191BB6C06F00DC299A /* fyberChallengeUITests.xctest */;
			productType = "com.apple.product-type.bundle.ui-testing";
		};
/* End PBXNativeTarget section */

/* Begin PBXProject section */
		E741CFED1BB6C06F00DC299A /* Project object */ = {
			isa = PBXProject;
			attributes = {
				LastUpgradeCheck = 0700;
				ORGANIZATIONNAME = Fyber;
				TargetAttributes = {
					E741CFF41BB6C06F00DC299A = {
						CreatedOnToolsVersion = 7.0;
					};
					E741D00D1BB6C06F00DC299A = {
						CreatedOnToolsVersion = 7.0;
						TestTargetID = E741CFF41BB6C06F00DC299A;
					};
					E741D0181BB6C06F00DC299A = {
						CreatedOnToolsVersion = 7.0;
						TestTargetID = E741CFF41BB6C06F00DC299A;
					};
				};
			};
			buildConfigurationList = E741CFF01BB6C06F00DC299A /* Build configuration list for PBXProject "fyberChallenge" */;
			compatibilityVersion = "Xcode 3.2";
			developmentRegion = English;
			hasScannedForEncodings = 0;
			knownRegions = (
				en,
				Base,
			);
			mainGroup = E741CFEC1BB6C06F00DC299A;
			productRefGroup = E741CFF61BB6C06F00DC299A /* Products */;
			projectDirPath = "";
			projectRoot = "";
			targets = (
				E741CFF41BB6C06F00DC299A /* fyberChallenge */,
				E741D00D1BB6C06F00DC299A /* fyberChallengeTests */,
				E741D0181BB6C06F00DC299A /* fyberChallengeUITests */,
			);
		};
/* End PBXProject section */

/* Begin PBXResourcesBuildPhase section */
		E741CFF31BB6C06F00DC299A /* Resources */ = {
			isa = PBXResourcesBuildPhase;
			buildActionMask = 2147483647;
			files = (
				E741D02C1BB6C1B200DC299A /* Config.plist in Resources */,
				E741D0081BB6C06F00DC299A /* LaunchScreen.storyboard in Resources */,
				E741D0051BB6C06F00DC299A /* Assets.xcassets in Resources */,
				E741D0031BB6C06F00DC299A /* Main.storyboard in Resources */,
			);
			runOnlyForDeploymentPostprocessing = 0;
		};
		E741D00C1BB6C06F00DC299A /* Resources */ = {
			isa = PBXResourcesBuildPhase;
			buildActionMask = 2147483647;
			files = (
			);
			runOnlyForDeploymentPostprocessing = 0;
		};
		E741D0171BB6C06F00DC299A /* Resources */ = {
			isa = PBXResourcesBuildPhase;
			buildActionMask = 2147483647;
			files = (
			);
			runOnlyForDeploymentPostprocessing = 0;
		};
/* End PBXResourcesBuildPhase section */

/* Begin PBXSourcesBuildPhase section */
		E741CFF11BB6C06F00DC299A /* Sources */ = {
			isa = PBXSourcesBuildPhase;
			buildActionMask = 2147483647;
			files = (
				E741CFFD1BB6C06F00DC299A /* AppDelegate.m in Sources */,
				E741CFFA1BB6C06F00DC299A /* main.m in Sources */,
				E741D0401BB7038800DC299A /* User.m in Sources */,
				E741D0581BB812BE00DC299A /* OfferType.m in Sources */,
				E741D05E1BB8130D00DC299A /* OfferPayout.m in Sources */,
				E741D02F1BB6C2E000DC299A /* ConfigManager.m in Sources */,
				E741D05B1BB812FB00DC299A /* OfferThumbnail.m in Sources */,
				E741D0551BB755EA00DC299A /* NetResponseGetOffers.m in Sources */,
				E741D04D1BB7224B00DC299A /* CommonUtils.m in Sources */,
				E741D0331BB6C69600DC299A /* NetworkHelper.m in Sources */,
				E741D0491BB7186600DC299A /* NetRequestGetOffers.m in Sources */,
				E741D03C1BB6CF5900DC299A /* ViewController.m in Sources */,
				E741D0461BB7086600DC299A /* Offer.m in Sources */,
			);
			runOnlyForDeploymentPostprocessing = 0;
		};
		E741D00A1BB6C06F00DC299A /* Sources */ = {
			isa = PBXSourcesBuildPhase;
			buildActionMask = 2147483647;
			files = (
				E741D0131BB6C06F00DC299A /* fyberChallengeTests.m in Sources */,
			);
			runOnlyForDeploymentPostprocessing = 0;
		};
		E741D0151BB6C06F00DC299A /* Sources */ = {
			isa = PBXSourcesBuildPhase;
			buildActionMask = 2147483647;
			files = (
				E741D01E1BB6C06F00DC299A /* fyberChallengeUITests.m in Sources */,
			);
			runOnlyForDeploymentPostprocessing = 0;
		};
/* End PBXSourcesBuildPhase section */

/* Begin PBXTargetDependency section */
		E741D0101BB6C06F00DC299A /* PBXTargetDependency */ = {
			isa = PBXTargetDependency;
			target = E741CFF41BB6C06F00DC299A /* fyberChallenge */;
			targetProxy = E741D00F1BB6C06F00DC299A /* PBXContainerItemProxy */;
		};
		E741D01B1BB6C06F00DC299A /* PBXTargetDependency */ = {
			isa = PBXTargetDependency;
			target = E741CFF41BB6C06F00DC299A /* fyberChallenge */;
			targetProxy = E741D01A1BB6C06F00DC299A /* PBXContainerItemProxy */;
		};
/* End PBXTargetDependency section */

/* Begin PBXVariantGroup section */
		E741D0011BB6C06F00DC299A /* Main.storyboard */ = {
			isa = PBXVariantGroup;
			children = (
				E741D0021BB6C06F00DC299A /* Base */,
			);
			name = Main.storyboard;
			sourceTree = "<group>";
		};
		E741D0061BB6C06F00DC299A /* LaunchScreen.storyboard */ = {
			isa = PBXVariantGroup;
			children = (
				E741D0071BB6C06F00DC299A /* Base */,
			);
			name = LaunchScreen.storyboard;
			sourceTree = "<group>";
		};
/* End PBXVariantGroup section */

/* Begin XCBuildConfiguration section */
		E741D0201BB6C06F00DC299A /* Debug */ = {
			isa = XCBuildConfiguration;
			buildSettings = {
				ALWAYS_SEARCH_USER_PATHS = NO;
				CLANG_CXX_LANGUAGE_STANDARD = "gnu++0x";
				CLANG_CXX_LIBRARY = "libc++";
				CLANG_ENABLE_MODULES = YES;
				CLANG_ENABLE_OBJC_ARC = YES;
				CLANG_WARN_BOOL_CONVERSION = YES;
				CLANG_WARN_CONSTANT_CONVERSION = YES;
				CLANG_WARN_DIRECT_OBJC_ISA_USAGE = YES_ERROR;
				CLANG_WARN_EMPTY_BODY = YES;
				CLANG_WARN_ENUM_CONVERSION = YES;
				CLANG_WARN_INT_CONVERSION = YES;
				CLANG_WARN_OBJC_ROOT_CLASS = YES_ERROR;
				CLANG_WARN_UNREACHABLE_CODE = YES;
				CLANG_WARN__DUPLICATE_METHOD_MATCH = YES;
				"CODE_SIGN_IDENTITY[sdk=iphoneos*]" = "iPhone Developer";
				COPY_PHASE_STRIP = NO;
				DEBUG_INFORMATION_FORMAT = dwarf;
				ENABLE_STRICT_OBJC_MSGSEND = YES;
				ENABLE_TESTABILITY = YES;
				GCC_C_LANGUAGE_STANDARD = gnu99;
				GCC_DYNAMIC_NO_PIC = NO;
				GCC_NO_COMMON_BLOCKS = YES;
				GCC_OPTIMIZATION_LEVEL = 0;
				GCC_PREPROCESSOR_DEFINITIONS = (
					"DEBUG=1",
					"$(inherited)",
				);
				GCC_WARN_64_TO_32_BIT_CONVERSION = YES;
				GCC_WARN_ABOUT_RETURN_TYPE = YES_ERROR;
				GCC_WARN_UNDECLARED_SELECTOR = YES;
				GCC_WARN_UNINITIALIZED_AUTOS = YES_AGGRESSIVE;
				GCC_WARN_UNUSED_FUNCTION = YES;
				GCC_WARN_UNUSED_VARIABLE = YES;
				IPHONEOS_DEPLOYMENT_TARGET = 9.0;
				MTL_ENABLE_DEBUG_INFO = YES;
				ONLY_ACTIVE_ARCH = YES;
				SDKROOT = iphoneos;
				TARGETED_DEVICE_FAMILY = "1,2";
			};
			name = Debug;
		};
		E741D0211BB6C06F00DC299A /* Release */ = {
			isa = XCBuildConfiguration;
			buildSettings = {
				ALWAYS_SEARCH_USER_PATHS = NO;
				CLANG_CXX_LANGUAGE_STANDARD = "gnu++0x";
				CLANG_CXX_LIBRARY = "libc++";
				CLANG_ENABLE_MODULES = YES;
				CLANG_ENABLE_OBJC_ARC = YES;
				CLANG_WARN_BOOL_CONVERSION = YES;
				CLANG_WARN_CONSTANT_CONVERSION = YES;
				CLANG_WARN_DIRECT_OBJC_ISA_USAGE = YES_ERROR;
				CLANG_WARN_EMPTY_BODY = YES;
				CLANG_WARN_ENUM_CONVERSION = YES;
				CLANG_WARN_INT_CONVERSION = YES;
				CLANG_WARN_OBJC_ROOT_CLASS = YES_ERROR;
				CLANG_WARN_UNREACHABLE_CODE = YES;
				CLANG_WARN__DUPLICATE_METHOD_MATCH = YES;
				"CODE_SIGN_IDENTITY[sdk=iphoneos*]" = "iPhone Developer";
				COPY_PHASE_STRIP = NO;
				DEBUG_INFORMATION_FORMAT = "dwarf-with-dsym";
				ENABLE_NS_ASSERTIONS = NO;
				ENABLE_STRICT_OBJC_MSGSEND = YES;
				GCC_C_LANGUAGE_STANDARD = gnu99;
				GCC_NO_COMMON_BLOCKS = YES;
				GCC_WARN_64_TO_32_BIT_CONVERSION = YES;
				GCC_WARN_ABOUT_RETURN_TYPE = YES_ERROR;
				GCC_WARN_UNDECLARED_SELECTOR = YES;
				GCC_WARN_UNINITIALIZED_AUTOS = YES_AGGRESSIVE;
				GCC_WARN_UNUSED_FUNCTION = YES;
				GCC_WARN_UNUSED_VARIABLE = YES;
				IPHONEOS_DEPLOYMENT_TARGET = 9.0;
				MTL_ENABLE_DEBUG_INFO = NO;
				SDKROOT = iphoneos;
				TARGETED_DEVICE_FAMILY = "1,2";
				VALIDATE_PRODUCT = YES;
			};
			name = Release;
		};
		E741D0231BB6C06F00DC299A /* Debug */ = {
			isa = XCBuildConfiguration;
			buildSettings = {
				ASSETCATALOG_COMPILER_APPICON_NAME = AppIcon;
				INFOPLIST_FILE = fyberChallenge/Info.plist;
				IPHONEOS_DEPLOYMENT_TARGET = 8.4;
				LD_RUNPATH_SEARCH_PATHS = "$(inherited) @executable_path/Frameworks";
				PRODUCT_BUNDLE_IDENTIFIER = io.fyber.fyberChallenge;
				PRODUCT_NAME = "$(TARGET_NAME)";
			};
			name = Debug;
		};
		E741D0241BB6C06F00DC299A /* Release */ = {
			isa = XCBuildConfiguration;
			buildSettings = {
				ASSETCATALOG_COMPILER_APPICON_NAME = AppIcon;
				INFOPLIST_FILE = fyberChallenge/Info.plist;
				IPHONEOS_DEPLOYMENT_TARGET = 8.4;
				LD_RUNPATH_SEARCH_PATHS = "$(inherited) @executable_path/Frameworks";
				PRODUCT_BUNDLE_IDENTIFIER = io.fyber.fyberChallenge;
				PRODUCT_NAME = "$(TARGET_NAME)";
			};
			name = Release;
		};
		E741D0261BB6C06F00DC299A /* Debug */ = {
			isa = XCBuildConfiguration;
			buildSettings = {
				BUNDLE_LOADER = "$(TEST_HOST)";
				INFOPLIST_FILE = fyberChallengeTests/Info.plist;
				LD_RUNPATH_SEARCH_PATHS = "$(inherited) @executable_path/Frameworks @loader_path/Frameworks";
				PRODUCT_BUNDLE_IDENTIFIER = io.fyber.fyberChallengeTests;
				PRODUCT_NAME = "$(TARGET_NAME)";
				TEST_HOST = "$(BUILT_PRODUCTS_DIR)/fyberChallenge.app/fyberChallenge";
			};
			name = Debug;
		};
		E741D0271BB6C06F00DC299A /* Release */ = {
			isa = XCBuildConfiguration;
			buildSettings = {
				BUNDLE_LOADER = "$(TEST_HOST)";
				INFOPLIST_FILE = fyberChallengeTests/Info.plist;
				LD_RUNPATH_SEARCH_PATHS = "$(inherited) @executable_path/Frameworks @loader_path/Frameworks";
				PRODUCT_BUNDLE_IDENTIFIER = io.fyber.fyberChallengeTests;
				PRODUCT_NAME = "$(TARGET_NAME)";
				TEST_HOST = "$(BUILT_PRODUCTS_DIR)/fyberChallenge.app/fyberChallenge";
			};
			name = Release;
		};
		E741D0291BB6C06F00DC299A /* Debug */ = {
			isa = XCBuildConfiguration;
			buildSettings = {
				INFOPLIST_FILE = fyberChallengeUITests/Info.plist;
				LD_RUNPATH_SEARCH_PATHS = "$(inherited) @executable_path/Frameworks @loader_path/Frameworks";
				PRODUCT_BUNDLE_IDENTIFIER = io.fyber.fyberChallengeUITests;
				PRODUCT_NAME = "$(TARGET_NAME)";
				TEST_TARGET_NAME = fyberChallenge;
				USES_XCTRUNNER = YES;
			};
			name = Debug;
		};
		E741D02A1BB6C06F00DC299A /* Release */ = {
			isa = XCBuildConfiguration;
			buildSettings = {
				INFOPLIST_FILE = fyberChallengeUITests/Info.plist;
				LD_RUNPATH_SEARCH_PATHS = "$(inherited) @executable_path/Frameworks @loader_path/Frameworks";
				PRODUCT_BUNDLE_IDENTIFIER = io.fyber.fyberChallengeUITests;
				PRODUCT_NAME = "$(TARGET_NAME)";
				TEST_TARGET_NAME = fyberChallenge;
				USES_XCTRUNNER = YES;
			};
			name = Release;
		};
/* End XCBuildConfiguration section */

/* Begin XCConfigurationList section */
		E741CFF01BB6C06F00DC299A /* Build configuration list for PBXProject "fyberChallenge" */ = {
			isa = XCConfigurationList;
			buildConfigurations = (
				E741D0201BB6C06F00DC299A /* Debug */,
				E741D0211BB6C06F00DC299A /* Release */,
			);
			defaultConfigurationIsVisible = 0;
			defaultConfigurationName = Release;
		};
		E741D0221BB6C06F00DC299A /* Build configuration list for PBXNativeTarget "fyberChallenge" */ = {
			isa = XCConfigurationList;
			buildConfigurations = (
				E741D0231BB6C06F00DC299A /* Debug */,
				E741D0241BB6C06F00DC299A /* Release */,
			);
			defaultConfigurationIsVisible = 0;
			defaultConfigurationName = Release;
		};
		E741D0251BB6C06F00DC299A /* Build configuration list for PBXNativeTarget "fyberChallengeTests" */ = {
			isa = XCConfigurationList;
			buildConfigurations = (
				E741D0261BB6C06F00DC299A /* Debug */,
				E741D0271BB6C06F00DC299A /* Release */,
			);
			defaultConfigurationIsVisible = 0;
			defaultConfigurationName = Release;
		};
		E741D0281BB6C06F00DC299A /* Build configuration list for PBXNativeTarget "fyberChallengeUITests" */ = {
			isa = XCConfigurationList;
			buildConfigurations = (
				E741D0291BB6C06F00DC299A /* Debug */,
				E741D02A1BB6C06F00DC299A /* Release */,
			);
			defaultConfigurationIsVisible = 0;
			defaultConfigurationName = Release;
		};
/* End XCConfigurationList section */
	};
	rootObject = E741CFED1BB6C06F00DC299A /* Project object */;
}
